ca-certificates=20260611-r0
bash=5.3.9-r1
bash-completion=2.17.0-r1
curl=8.21.0-r0
wget=1.25.0-r3
git=2.54.0-r0
gnupg=2.4.9-r1
unzip=6.0-r16
zip=3.0-r13
tar=1.35-r5
gzip=1.14-r2
xz=5.8.3-r0
zstd=1.5.7-r2
rsync=3.4.3-r1
openssh-client=unknown
htop=3.5.1-r1
tmux=3.6b-r0
tree=2.3.2-r0
jq=1.8.1-r0
yq=unknown
shellcheck=0.11.0-r1
shfmt=3.13.1-r1
util-linux=2.42.1-r0
coreutils=9.11-r0
openssh-server=10.3_p1-r0
vim=9.2.0854-r0
neovim=0.12.2-r0
acl=2.3.2-r1
logrotate=3.22.0-r0
lsof=4.99.6-r0
procps=unknown
ripgrep=15.1.0-r0
fd=10.2.0-r3
bat=0.26.1-r0
fzf=0.73.1-r0
zoxide=0.9.9-r0
direnv=2.37.1-r7
starship=1.24.2-r0
zellij=0.42.2-r0
btop=1.4.6-r0
eza=0.23.4-r0
build-base=0.5-r4
gcc=15.2.0-r5
g++=15.2.0-r5
make=4.4.1-r4
musl-dev=1.2.6-r2
linux-headers=7.0.0-r1
cmake=4.2.3-r0
ninja=unknown
meson=1.11.1-r0
pkgconf=2.5.1-r0
gdb=16.3-r4
lldb=22.1.3-r0
clang=unknown
clang-extra-tools=unknown
valgrind=3.25.1-r2
rust=1.96.1-r0
cargo=1.96.1-r0
rustup=1.29.0-r0
go=1.26.3-r0
zig=0.16.0-r1
python3=3.14.7-r1
py3-pip=26.1.2-r0
py3-virtualenv=21.3.3-r0
pipx=1.14.0-r0
docker=29.5.3-r0
docker-cli=29.5.3-r0
docker-compose=unknown
podman=5.8.3-r0
buildah=1.44.0-r0
skopeo=1.20.1-r0
bind-tools=9.20.26-r0
net-tools=2.10-r3
iproute2=7.0.0-r0
traceroute=2.1.6-r0
mtr=0.96-r2
nmap=7.99-r0
tcpdump=4.99.6-r1
whois=5.6.6-r0
socat=1.8.1.3-r0
netcat-openbsd=1.234.1-r0
iperf3=3.20-r0
ufw=0.36.2-r4
fail2ban=1.1.0-r3
age=1.3.1-r5
pass=1.7.4-r3
openssh-client=unknown
strace=6.19-r1
ltrace=0.7.3-r6
perf=7.1.5-r0
bpftrace=0.26.1-r0
sysstat=12.7.8-r0
lsof=4.99.6-r0
avrdude=8.1-r0
openocd=0.12.0-r7
gcc-arm-none-eabi=16.1.0-r0
gdb-multiarch=16.3-r4
