ca-certificates=unknown
bash=unknown
bash-completion=unknown
curl=unknown
wget=unknown
git=unknown
gnupg=unknown
unzip=unknown
zip=unknown
tar=unknown
gzip=unknown
xz=unknown
zstd=unknown
rsync=unknown
openssh-client=unknown
htop=unknown
tmux=unknown
tree=unknown
jq=unknown
yq=unknown
shellcheck=unknown
shfmt=unknown
util-linux=unknown
coreutils=unknown
openssh-server=unknown
vim=unknown
neovim=unknown
acl=unknown
logrotate=unknown
lsof=unknown
procps=unknown
ripgrep=unknown
fd=unknown
bat=unknown
fzf=unknown
zoxide=unknown
direnv=unknown
starship=unknown
zellij=unknown
btop=unknown
eza=unknown
build-base=unknown
gcc=unknown
g++=unknown
make=unknown
musl-dev=unknown
linux-headers=unknown
cmake=unknown
ninja=unknown
meson=unknown
pkgconf=unknown
gdb=unknown
lldb=unknown
clang=unknown
clang-extra-tools=unknown
valgrind=unknown
rust=unknown
cargo=unknown
rustup=unknown
go=unknown
zig=unknown
python3=unknown
py3-pip=unknown
py3-virtualenv=unknown
pipx=unknown
docker=unknown
docker-cli=unknown
docker-compose=unknown
podman=unknown
buildah=unknown
skopeo=unknown
bind-tools=unknown
net-tools=unknown
iproute2=unknown
traceroute=unknown
mtr=unknown
nmap=unknown
tcpdump=unknown
whois=unknown
socat=unknown
netcat-openbsd=unknown
iperf3=unknown
ufw=unknown
fail2ban=unknown
age=unknown
pass=unknown
openssh-client=unknown
strace=unknown
ltrace=unknown
perf=unknown
bpftrace=unknown
sysstat=unknown
lsof=unknown
avrdude=unknown
openocd=unknown
gcc-arm-none-eabi=unknown
gdb-multiarch=unknown
