ca-certificates=20240618-1
curl=8.21.0-1
wget=1.25.0-6
git=2.55.0-1
gnupg=2.4.9-3
lsb-release=2.0.r55.a25a4fc-1
unzip=6.0-23
zip=3.0-14
tar=1.35-5
rsync=3.5.0-1
openssh=10.5p1-1
htop=3.5.3-1
tmux=3.7_c-1
tree=2.3.2-1
jq=1.8.2-1
yq=4.1.2-1
shellcheck=0.11.0-132
shfmt=3.13.1-1
openssh=10.5p1-1
neovim=0.12.5-1
vim=9.2.1011-1
acl=2.4.0-1
logrotate=3.22.0-1
ripgrep=15.2.0-1
fd=10.4.2-2
bat=0.26.1-2
fzf=0.74.3-1
zoxide=0.10.0-1
direnv=2.37.1-1
starship=1.26.0-1
zellij=0.45.1-1
btop=1.4.7-1
eza=0.23.5-2
base-devel=1-2
gcc=16.2.1+r23+gd564253eb6c8-1
cmake=4.4.3-1
ninja=1.13.2-3
meson=1.12.0-1
pkgconf=3.0.6-1
gdb=17.2-1
lldb=22.1.8-1
clang=22.1.8-1
valgrind=3.25.1-9
rustup=1.29.0-2
cargo=unknown
rustc=unknown
go=2:1.27.0-1
zig=0.16.0-1
python=3.14.7-1
python-pip=26.2.1-1
python-virtualenv=21.7.7-1
python-pipx=1.15.0-1
podman=6.1.0-1
buildah=1:1.45.0-1
skopeo=1.24.0-1
docker=1:29.7.2-1
docker-compose=5.5.0-1
bind=9.20.27-1
net-tools=2.10-3
iproute2=7.2.0-1
traceroute=2.1.6-1
mtr=0.96-1
nmap=7.991-1
tcpdump=4.99.6-1
whois=5.6.6-1
socat=1.8.1.3-1
openbsd-netcat=1.238_1-1
iperf3=3.21-1
ufw=0.36.2-7
fail2ban=1.1.1-1
age=1.3.1-1
pass=1.7.4-7
openssh=10.5p1-1
strace=7.0-1
ltrace=0.8.1-1
perf=7.2.2-1
bpftrace=0.26.1-1
sysstat=12.7.9-1
lsof=4.99.7-1
avrdude=1:8.2-1
openocd=1:0.12.0-6
arm-none-eabi-gcc=16.2.0-1
arm-none-eabi-gdb=17.2-1
