ca-certificates=unknown
curl=unknown
wget=unknown
git=unknown
gnupg=unknown
pinentry-mac=unknown
rsync=unknown
tree=unknown
jq=unknown
yq=unknown
shellcheck=unknown
shfmt=unknown
ripgrep=unknown
fd=unknown
bat=unknown
fzf=unknown
zoxide=unknown
direnv=unknown
starship=unknown
tmux=unknown
zellij=unknown
htop=unknown
btop=unknown
cmake=unknown
ninja=unknown
meson=unknown
pkg-config=unknown
llvm=unknown
gdb=unknown
valgrind=unknown
rustup-init=unknown
go=unknown
zig=unknown
python3=unknown
pipx=unknown
colima=unknown
docker=unknown
docker-compose=unknown
podman=unknown
nmap=unknown
tcpdump=unknown
mtr=unknown
iperf3=unknown
socat=unknown
netcat=unknown
bind=unknown
whois=unknown
age=unknown
pass=unknown
openssh=unknown
strace=unknown
ltrace=unknown
dtrace=unknown
openocd=unknown
avrdude=unknown
arm-none-eabi-gcc=unknown
